
Microsoft Visual Studio Solution File, Format Version 12.00
# Visual Studio Version 17
VisualStudioVersion = 17.9.34622.214
MinimumVisualStudioVersion = 10.0.40219.1
Project("{FAE04EC0-301F-11D3-BF4B-00C04F79EFBC}") = "PlayTimePal_Bot", "PlayTimePal_Bot\PlayTimePal_Bot.csproj", "{6244F9A5-1D54-4CD3-9E5C-C5F3C7F5FC9E}"
EndProject
Global
	GlobalSection(SolutionConfigurationPlatforms) = preSolution
		Debug|Any CPU = Debug|Any CPU
		Release|Any CPU = Release|Any CPU
	EndGlobalSection
	GlobalSection(ProjectConfigurationPlatforms) = postSolution
		{6244F9A5-1D54-4CD3-9E5C-C5F3C7F5FC9E}.Debug|Any CPU.ActiveCfg = Debug|Any CPU
		{6244F9A5-1D54-4CD3-9E5C-C5F3C7F5FC9E}.Debug|Any CPU.Build.0 = Debug|Any CPU
		{6244F9A5-1D54-4CD3-9E5C-C5F3C7F5FC9E}.Release|Any CPU.ActiveCfg = Release|Any CPU
		{6244F9A5-1D54-4CD3-9E5C-C5F3C7F5FC9E}.Release|Any CPU.Build.0 = Release|Any CPU
	EndGlobalSection
	GlobalSection(SolutionProperties) = preSolution
		HideSolutionNode = FALSE
	EndGlobalSection
	GlobalSection(ExtensibilityGlobals) = postSolution
		SolutionGuid = {9ED179D9-F8AF-44AC-B9D0-C4B7B9CFB4BF}
	EndGlobalSection
EndGlobal
